<Solution>
  <Project Path="DelegateMeeDoeDemo/DelegateMeeDoeDemo.csproj" Id="7eb8e087-e694-4b0c-814c-58804b488144" />
  <Project Path="DelegateOefening/DelegateOefening.csproj" Id="22b2c433-2847-40cb-8ed3-bab441328561" />
  <Project Path="VerjaardagsOefening.App/VerjaardagsOefening.App.csproj" Id="66fe7d3b-d333-470f-af65-05c946b00ee3" />
  <Project Path="VerjaardagsOefening.Library/VerjaardagsOefening.Library.csproj" Id="3ab388d1-7b84-474a-8c92-30ba82729c47" />
  <Project Path="Verzekeringen.App/Verzekeringen.App.csproj" />
</Solution>
